
Microsoft Visual Studio Solution File, Format Version 12.00
# Visual Studio Version 17
VisualStudioVersion = 17.3.32819.101
MinimumVisualStudioVersion = 10.0.40219.1
Project("{FAE04EC0-301F-11D3-BF4B-00C04F79EFBC}") = "BaggageAutomation", "BaggageAutomation\BaggageAutomation.csproj", "{A87C3ACE-2DA6-4DA4-BAE5-503A9D26ADA0}"
EndProject
Global
	GlobalSection(SolutionConfigurationPlatforms) = preSolution
		Debug|Any CPU = Debug|Any CPU
		Release|Any CPU = Release|Any CPU
	EndGlobalSection
	GlobalSection(ProjectConfigurationPlatforms) = postSolution
		{A87C3ACE-2DA6-4DA4-BAE5-503A9D26ADA0}.Debug|Any CPU.ActiveCfg = Debug|Any CPU
		{A87C3ACE-2DA6-4DA4-BAE5-503A9D26ADA0}.Debug|Any CPU.Build.0 = Debug|Any CPU
		{A87C3ACE-2DA6-4DA4-BAE5-503A9D26ADA0}.Release|Any CPU.ActiveCfg = Release|Any CPU
		{A87C3ACE-2DA6-4DA4-BAE5-503A9D26ADA0}.Release|Any CPU.Build.0 = Release|Any CPU
	EndGlobalSection
	GlobalSection(SolutionProperties) = preSolution
		HideSolutionNode = FALSE
	EndGlobalSection
	GlobalSection(ExtensibilityGlobals) = postSolution
		SolutionGuid = {0C648F3C-F66A-43E8-83F0-80A070893470}
	EndGlobalSection
EndGlobal
